// !$*UTF8*$!
{
	archiveVersion = 1;
	classes = {
	};
	objectVersion = 56;
	objects = {

/* Begin PBXBuildFile section */
		7ACBE21F29A9004C0004426D /* sweatershoppyApp.swift in Sources */ = {isa = PBXBuildFile; fileRef = 7ACBE21E29A9004C0004426D /* sweatershoppyApp.swift */; };
		7ACBE22129A9004C0004426D /* ContentView.swift in Sources */ = {isa = PBXBuildFile; fileRef = 7ACBE22029A9004C0004426D /* ContentView.swift */; };
		7ACBE22329A9004E0004426D /* Assets.xcassets in Resources */ = {isa = PBXBuildFile; fileRef = 7ACBE22229A9004E0004426D /* Assets.xcassets */; };
		7ACBE22629A9004E0004426D /* Preview Assets.xcassets in Resources */ = {isa = PBXBuildFile; fileRef = 7ACBE22529A9004E0004426D /* Preview Assets.xcassets */; };
		7ACBE22E29A903CF0004426D /* Product.swift in Sources */ = {isa = PBXBuildFile; fileRef = 7ACBE22D29A903CF0004426D /* Product.swift */; };
		7ACBE23129A907210004426D /* ProductCard.swift in Sources */ = {isa = PBXBuildFile; fileRef = 7ACBE23029A907210004426D /* ProductCard.swift */; };
		7ADAAF4829A9DF40002AA2E7 /* CartButton.swift in Sources */ = {isa = PBXBuildFile; fileRef = 7ADAAF4729A9DF40002AA2E7 /* CartButton.swift */; };
		7ADAAF4A29A9E181002AA2E7 /* CartView.swift in Sources */ = {isa = PBXBuildFile; fileRef = 7ADAAF4929A9E181002AA2E7 /* CartView.swift */; };
/* End PBXBuildFile section */

/* Begin PBXFileReference section */
		7ACBE21B29A9004C0004426D /* sweatershoppy.app */ = {isa = PBXFileReference; explicitFileType = wrapper.application; includeInIndex = 0; path = sweatershoppy.app; sourceTree = BUILT_PRODUCTS_DIR; };
		7ACBE21E29A9004C0004426D /* sweatershoppyApp.swift */ = {isa = PBXFileReference; lastKnownFileType = sourcecode.swift; path = sweatershoppyApp.swift; sourceTree = "<group>"; };
		7ACBE22029A9004C0004426D /* ContentView.swift */ = {isa = PBXFileReference; lastKnownFileType = sourcecode.swift; path = ContentView.swift; sourceTree = "<group>"; };
		7ACBE22229A9004E0004426D /* Assets.xcassets */ = {isa = PBXFileReference; lastKnownFileType = folder.assetcatalog; path = Assets.xcassets; sourceTree = "<group>"; };
		7ACBE22529A9004E0004426D /* Preview Assets.xcassets */ = {isa = PBXFileReference; lastKnownFileType = folder.assetcatalog; path = "Preview Assets.xcassets"; sourceTree = "<group>"; };
		7ACBE22D29A903CF0004426D /* Product.swift */ = {isa = PBXFileReference; lastKnownFileType = sourcecode.swift; path = Product.swift; sourceTree = "<group>"; };
		7ACBE23029A907210004426D /* ProductCard.swift */ = {isa = PBXFileReference; lastKnownFileType = sourcecode.swift; path = ProductCard.swift; sourceTree = "<group>"; };
		7ADAAF4729A9DF40002AA2E7 /* CartButton.swift */ = {isa = PBXFileReference; lastKnownFileType = sourcecode.swift; path = CartButton.swift; sourceTree = "<group>"; };
		7ADAAF4929A9E181002AA2E7 /* CartView.swift */ = {isa = PBXFileReference; lastKnownFileType = sourcecode.swift; path = CartView.swift; sourceTree = "<group>"; };
/* End PBXFileReference section */

/* Begin PBXFrameworksBuildPhase section */
		7ACBE21829A9004C0004426D /* Frameworks */ = {
			isa = PBXFrameworksBuildPhase;
			buildActionMask = 2147483647;
			files = (
			);
			runOnlyForDeploymentPostprocessing = 0;
		};
/* End PBXFrameworksBuildPhase section */

/* Begin PBXGroup section */
		7ACBE21229A9004C0004426D = {
			isa = PBXGroup;
			children = (
				7ACBE21D29A9004C0004426D /* sweatershoppy */,
				7ACBE21C29A9004C0004426D /* Products */,
			);
			sourceTree = "<group>";
		};
		7ACBE21C29A9004C0004426D /* Products */ = {
			isa = PBXGroup;
			children = (
				7ACBE21B29A9004C0004426D /* sweatershoppy.app */,
			);
			name = Products;
			sourceTree = "<group>";
		};
		7ACBE21D29A9004C0004426D /* sweatershoppy */ = {
			isa = PBXGroup;
			children = (
				7ACBE21E29A9004C0004426D /* sweatershoppyApp.swift */,
				7ACBE23229A90A790004426D /* Views */,
				7ACBE22F29A906F00004426D /* Components */,
				7ACBE22C29A903A50004426D /* Models */,
				7ACBE22229A9004E0004426D /* Assets.xcassets */,
				7ACBE22429A9004E0004426D /* Preview Content */,
			);
			path = sweatershoppy;
			sourceTree = "<group>";
		};
		7ACBE22429A9004E0004426D /* Preview Content */ = {
			isa = PBXGroup;
			children = (
				7ACBE22529A9004E0004426D /* Preview Assets.xcassets */,
			);
			path = "Preview Content";
			sourceTree = "<group>";
		};
		7ACBE22C29A903A50004426D /* Models */ = {
			isa = PBXGroup;
			children = (
				7ACBE22D29A903CF0004426D /* Product.swift */,
			);
			path = Models;
			sourceTree = "<group>";
		};
		7ACBE22F29A906F00004426D /* Components */ = {
			isa = PBXGroup;
			children = (
				7ACBE23029A907210004426D /* ProductCard.swift */,
				7ADAAF4729A9DF40002AA2E7 /* CartButton.swift */,
			);
			path = Components;
			sourceTree = "<group>";
		};
		7ACBE23229A90A790004426D /* Views */ = {
			isa = PBXGroup;
			children = (
				7ACBE22029A9004C0004426D /* ContentView.swift */,
				7ADAAF4929A9E181002AA2E7 /* CartView.swift */,
			);
			path = Views;
			sourceTree = "<group>";
		};
/* End PBXGroup section */

/* Begin PBXNativeTarget section */
		7ACBE21A29A9004C0004426D /* sweatershoppy */ = {
			isa = PBXNativeTarget;
			buildConfigurationList = 7ACBE22929A9004E0004426D /* Build configuration list for PBXNativeTarget "sweatershoppy" */;
			buildPhases = (
				7ACBE21729A9004C0004426D /* Sources */,
				7ACBE21829A9004C0004426D /* Frameworks */,
				7ACBE21929A9004C0004426D /* Resources */,
			);
			buildRules = (
			);
			dependencies = (
			);
			name = sweatershoppy;
			productName = sweatershoppy;
			productReference = 7ACBE21B29A9004C0004426D /* sweatershoppy.app */;
			productType = "com.apple.product-type.application";
		};
/* End PBXNativeTarget section */

/* Begin PBXProject section */
		7ACBE21329A9004C0004426D /* Project object */ = {
			isa = PBXProject;
			attributes = {
				BuildIndependentTargetsInParallel = 1;
				LastSwiftUpdateCheck = 1420;
				LastUpgradeCheck = 1420;
				TargetAttributes = {
					7ACBE21A29A9004C0004426D = {
						CreatedOnToolsVersion = 14.2;
					};
				};
			};
			buildConfigurationList = 7ACBE21629A9004C0004426D /* Build configuration list for PBXProject "sweatershoppy" */;
			compatibilityVersion = "Xcode 14.0";
			developmentRegion = en;
			hasScannedForEncodings = 0;
			knownRegions = (
				en,
				Base,
			);
			mainGroup = 7ACBE21229A9004C0004426D;
			productRefGroup = 7ACBE21C29A9004C0004426D /* Products */;
			projectDirPath = "";
			projectRoot = "";
			targets = (
				7ACBE21A29A9004C0004426D /* sweatershoppy */,
			);
		};
/* End PBXProject section */

/* Begin PBXResourcesBuildPhase section */
		7ACBE21929A9004C0004426D /* Resources */ = {
			isa = PBXResourcesBuildPhase;
			buildActionMask = 2147483647;
			files = (
				7ACBE22629A9004E0004426D /* Preview Assets.xcassets in Resources */,
				7ACBE22329A9004E0004426D /* Assets.xcassets in Resources */,
			);
			runOnlyForDeploymentPostprocessing = 0;
		};
/* End PBXResourcesBuildPhase section */

/* Begin PBXSourcesBuildPhase section */
		7ACBE21729A9004C0004426D /* Sources */ = {
			isa = PBXSourcesBuildPhase;
			buildActionMask = 2147483647;
			files = (
				7ADAAF4A29A9E181002AA2E7 /* CartView.swift in Sources */,
				7ACBE22129A9004C0004426D /* ContentView.swift in Sources */,
				7ACBE21F29A9004C0004426D /* sweatershoppyApp.swift in Sources */,
				7ACBE22E29A903CF0004426D /* Product.swift in Sources */,
				7ACBE23129A907210004426D /* ProductCard.swift in Sources */,
				7ADAAF4829A9DF40002AA2E7 /* CartButton.swift in Sources */,
			);
			runOnlyForDeploymentPostprocessing = 0;
		};
/* End PBXSourcesBuildPhase section */

/* Begin XCBuildConfiguration section */
		7ACBE22729A9004E0004426D /* Debug */ = {
			isa = XCBuildConfiguration;
			buildSettings = {
				ALWAYS_SEARCH_USER_PATHS = NO;
				CLANG_ANALYZER_NONNULL = YES;
				CLANG_ANALYZER_NUMBER_OBJECT_CONVERSION = YES_AGGRESSIVE;
				CLANG_CXX_LANGUAGE_STANDARD = "gnu++20";
				CLANG_ENABLE_MODULES = YES;
				CLANG_ENABLE_OBJC_ARC = YES;
				CLANG_ENABLE_OBJC_WEAK = YES;
				CLANG_WARN_BLOCK_CAPTURE_AUTORELEASING = YES;
				CLANG_WARN_BOOL_CONVERSION = YES;
				CLANG_WARN_COMMA = YES;
				CLANG_WARN_CONSTANT_CONVERSION = YES;
				CLANG_WARN_DEPRECATED_OBJC_IMPLEMENTATIONS = YES;
				CLANG_WARN_DIRECT_OBJC_ISA_USAGE = YES_ERROR;
				CLANG_WARN_DOCUMENTATION_COMMENTS = YES;
				CLANG_WARN_EMPTY_BODY = YES;
				CLANG_WARN_ENUM_CONVERSION = YES;
				CLANG_WARN_INFINITE_RECURSION = YES;
				CLANG_WARN_INT_CONVERSION = YES;
				CLANG_WARN_NON_LITERAL_NULL_CONVERSION = YES;
				CLANG_WARN_OBJC_IMPLICIT_RETAIN_SELF = YES;
				CLANG_WARN_OBJC_LITERAL_CONVERSION = YES;
				CLANG_WARN_OBJC_ROOT_CLASS = YES_ERROR;
				CLANG_WARN_QUOTED_INCLUDE_IN_FRAMEWORK_HEADER = YES;
				CLANG_WARN_RANGE_LOOP_ANALYSIS = YES;
				CLANG_WARN_STRICT_PROTOTYPES = YES;
				CLANG_WARN_SUSPICIOUS_MOVE = YES;
				CLANG_WARN_UNGUARDED_AVAILABILITY = YES_AGGRESSIVE;
				CLANG_WARN_UNREACHABLE_CODE = YES;
				CLANG_WARN__DUPLICATE_METHOD_MATCH = YES;
				COPY_PHASE_STRIP = NO;
				DEBUG_INFORMATION_FORMAT = dwarf;
				ENABLE_STRICT_OBJC_MSGSEND = YES;
				ENABLE_TESTABILITY = YES;
				GCC_C_LANGUAGE_STANDARD = gnu11;
				GCC_DYNAMIC_NO_PIC = NO;
				GCC_NO_COMMON_BLOCKS = YES;
				GCC_OPTIMIZATION_LEVEL = 0;
				GCC_PREPROCESSOR_DEFINITIONS = (
					"DEBUG=1",
					"$(inherited)",
				);
				GCC_WARN_64_TO_32_BIT_CONVERSION = YES;
				GCC_WARN_ABOUT_RETURN_TYPE = YES_ERROR;
				GCC_WARN_UNDECLARED_SELECTOR = YES;
				GCC_WARN_UNINITIALIZED_AUTOS = YES_AGGRESSIVE;
				GCC_WARN_UNUSED_FUNCTION = YES;
				GCC_WARN_UNUSED_VARIABLE = YES;
				IPHONEOS_DEPLOYMENT_TARGET = 16.2;
				MTL_ENABLE_DEBUG_INFO = INCLUDE_SOURCE;
				MTL_FAST_MATH = YES;
				ONLY_ACTIVE_ARCH = YES;
				SDKROOT = iphoneos;
				SWIFT_ACTIVE_COMPILATION_CONDITIONS = DEBUG;
				SWIFT_OPTIMIZATION_LEVEL = "-Onone";
			};
			name = Debug;
		};
		7ACBE22829A9004E0004426D /* Release */ = {
			isa = XCBuildConfiguration;
			buildSettings = {
				ALWAYS_SEARCH_USER_PATHS = NO;
				CLANG_ANALYZER_NONNULL = YES;
				CLANG_ANALYZER_NUMBER_OBJECT_CONVERSION = YES_AGGRESSIVE;
				CLANG_CXX_LANGUAGE_STANDARD = "gnu++20";
				CLANG_ENABLE_MODULES = YES;
				CLANG_ENABLE_OBJC_ARC = YES;
				CLANG_ENABLE_OBJC_WEAK = YES;
				CLANG_WARN_BLOCK_CAPTURE_AUTORELEASING = YES;
				CLANG_WARN_BOOL_CONVERSION = YES;
				CLANG_WARN_COMMA = YES;
				CLANG_WARN_CONSTANT_CONVERSION = YES;
				CLANG_WARN_DEPRECATED_OBJC_IMPLEMENTATIONS = YES;
				CLANG_WARN_DIRECT_OBJC_ISA_USAGE = YES_ERROR;
				CLANG_WARN_DOCUMENTATION_COMMENTS = YES;
				CLANG_WARN_EMPTY_BODY = YES;
				CLANG_WARN_ENUM_CONVERSION = YES;
				CLANG_WARN_INFINITE_RECURSION = YES;
				CLANG_WARN_INT_CONVERSION = YES;
				CLANG_WARN_NON_LITERAL_NULL_CONVERSION = YES;
				CLANG_WARN_OBJC_IMPLICIT_RETAIN_SELF = YES;
				CLANG_WARN_OBJC_LITERAL_CONVERSION = YES;
				CLANG_WARN_OBJC_ROOT_CLASS = YES_ERROR;
				CLANG_WARN_QUOTED_INCLUDE_IN_FRAMEWORK_HEADER = YES;
				CLANG_WARN_RANGE_LOOP_ANALYSIS = YES;
				CLANG_WARN_STRICT_PROTOTYPES = YES;
				CLANG_WARN_SUSPICIOUS_MOVE = YES;
				CLANG_WARN_UNGUARDED_AVAILABILITY = YES_AGGRESSIVE;
				CLANG_WARN_UNREACHABLE_CODE = YES;
				CLANG_WARN__DUPLICATE_METHOD_MATCH = YES;
				COPY_PHASE_STRIP = NO;
				DEBUG_INFORMATION_FORMAT = "dwarf-with-dsym";
				ENABLE_NS_ASSERTIONS = NO;
				ENABLE_STRICT_OBJC_MSGSEND = YES;
				GCC_C_LANGUAGE_STANDARD = gnu11;
				GCC_NO_COMMON_BLOCKS = YES;
				GCC_WARN_64_TO_32_BIT_CONVERSION = YES;
				GCC_WARN_ABOUT_RETURN_TYPE = YES_ERROR;
				GCC_WARN_UNDECLARED_SELECTOR = YES;
				GCC_WARN_UNINITIALIZED_AUTOS = YES_AGGRESSIVE;
				GCC_WARN_UNUSED_FUNCTION = YES;
				GCC_WARN_UNUSED_VARIABLE = YES;
				IPHONEOS_DEPLOYMENT_TARGET = 16.2;
				MTL_ENABLE_DEBUG_INFO = NO;
				MTL_FAST_MATH = YES;
				SDKROOT = iphoneos;
				SWIFT_COMPILATION_MODE = wholemodule;
				SWIFT_OPTIMIZATION_LEVEL = "-O";
				VALIDATE_PRODUCT = YES;
			};
			name = Release;
		};
		7ACBE22A29A9004E0004426D /* Debug */ = {
			isa = XCBuildConfiguration;
			buildSettings = {
				ASSETCATALOG_COMPILER_APPICON_NAME = AppIcon;
				ASSETCATALOG_COMPILER_GLOBAL_ACCENT_COLOR_NAME = AccentColor;
				CODE_SIGN_STYLE = Automatic;
				CURRENT_PROJECT_VERSION = 1;
				DEVELOPMENT_ASSET_PATHS = "\"sweatershoppy/Preview Content\"";
				DEVELOPMENT_TEAM = ML67Q7NY9A;
				ENABLE_PREVIEWS = YES;
				GENERATE_INFOPLIST_FILE = YES;
				INFOPLIST_KEY_UIApplicationSceneManifest_Generation = YES;
				INFOPLIST_KEY_UIApplicationSupportsIndirectInputEvents = YES;
				INFOPLIST_KEY_UILaunchScreen_Generation = YES;
				INFOPLIST_KEY_UISupportedInterfaceOrientations_iPad = "UIInterfaceOrientationPortrait UIInterfaceOrientationPortraitUpsideDown UIInterfaceOrientationLandscapeLeft UIInterfaceOrientationLandscapeRight";
				INFOPLIST_KEY_UISupportedInterfaceOrientations_iPhone = "UIInterfaceOrientationPortrait UIInterfaceOrientationLandscapeLeft UIInterfaceOrientationLandscapeRight";
				LD_RUNPATH_SEARCH_PATHS = (
					"$(inherited)",
					"@executable_path/Frameworks",
				);
				MARKETING_VERSION = 1.0;
				PRODUCT_BUNDLE_IDENTIFIER = com.ajbaggar.sweatershoppy;
				PRODUCT_NAME = "$(TARGET_NAME)";
				SWIFT_EMIT_LOC_STRINGS = YES;
				SWIFT_VERSION = 5.0;
				TARGETED_DEVICE_FAMILY = "1,2";
			};
			name = Debug;
		};
		7ACBE22B29A9004E0004426D /* Release */ = {
			isa = XCBuildConfiguration;
			buildSettings = {
				ASSETCATALOG_COMPILER_APPICON_NAME = AppIcon;
				ASSETCATALOG_COMPILER_GLOBAL_ACCENT_COLOR_NAME = AccentColor;
				CODE_SIGN_STYLE = Automatic;
				CURRENT_PROJECT_VERSION = 1;
				DEVELOPMENT_ASSET_PATHS = "\"sweatershoppy/Preview Content\"";
				DEVELOPMENT_TEAM = ML67Q7NY9A;
				ENABLE_PREVIEWS = YES;
				GENERATE_INFOPLIST_FILE = YES;
				INFOPLIST_KEY_UIApplicationSceneManifest_Generation = YES;
				INFOPLIST_KEY_UIApplicationSupportsIndirectInputEvents = YES;
				INFOPLIST_KEY_UILaunchScreen_Generation = YES;
				INFOPLIST_KEY_UISupportedInterfaceOrientations_iPad = "UIInterfaceOrientationPortrait UIInterfaceOrientationPortraitUpsideDown UIInterfaceOrientationLandscapeLeft UIInterfaceOrientationLandscapeRight";
				INFOPLIST_KEY_UISupportedInterfaceOrientations_iPhone = "UIInterfaceOrientationPortrait UIInterfaceOrientationLandscapeLeft UIInterfaceOrientationLandscapeRight";
				LD_RUNPATH_SEARCH_PATHS = (
					"$(inherited)",
					"@executable_path/Frameworks",
				);
				MARKETING_VERSION = 1.0;
				PRODUCT_BUNDLE_IDENTIFIER = com.ajbaggar.sweatershoppy;
				PRODUCT_NAME = "$(TARGET_NAME)";
				SWIFT_EMIT_LOC_STRINGS = YES;
				SWIFT_VERSION = 5.0;
				TARGETED_DEVICE_FAMILY = "1,2";
			};
			name = Release;
		};
/* End XCBuildConfiguration section */

/* Begin XCConfigurationList section */
		7ACBE21629A9004C0004426D /* Build configuration list for PBXProject "sweatershoppy" */ = {
			isa = XCConfigurationList;
			buildConfigurations = (
				7ACBE22729A9004E0004426D /* Debug */,
				7ACBE22829A9004E0004426D /* Release */,
			);
			defaultConfigurationIsVisible = 0;
			defaultConfigurationName = Release;
		};
		7ACBE22929A9004E0004426D /* Build configuration list for PBXNativeTarget "sweatershoppy" */ = {
			isa = XCConfigurationList;
			buildConfigurations = (
				7ACBE22A29A9004E0004426D /* Debug */,
				7ACBE22B29A9004E0004426D /* Release */,
			);
			defaultConfigurationIsVisible = 0;
			defaultConfigurationName = Release;
		};
/* End XCConfigurationList section */
	};
	rootObject = 7ACBE21329A9004C0004426D /* Project object */;
}
